schema: '2.0'
stages:
  test:
    cmd: python -m pytest -q
    deps:
    - path: src
      hash: md5
      md5: e7b6e2b6f20f1b8768bdb7a8920279ff.dir
      size: 194046
      nfiles: 44
    - path: src/tests
      hash: md5
      md5: e6ed2779eb8d1cdd215a34e1a44bebba.dir
      size: 69355
      nfiles: 17
  generate_data:
    cmd: python scripts/generate_synthetic_data.py
    deps:
    - path: scripts/generate_synthetic_data.py
      hash: md5
      md5: ed7777b1d58f5a3b0adb32b6670708e5
      size: 5458
    outs:
    - path: data/processed/dataset_seismic_edge_v1_split_evento.npz
      hash: md5
      md5: 21ffc68062ed90e958e5d2e245f6379c
      size: 5938300
  validate_dataset:
    cmd: python -m src.data.validate_dataset
    deps:
    - path: config/configs/config.yaml
      hash: md5
      md5: efbd338f2c6feec76f1d7b577000357c
      size: 986
    - path: config/configs/profiles/seismic_edge_v1.yaml
      hash: md5
      md5: 049347844ea4709638cd61a43861bc94
      size: 1344
    - path: data/processed/dataset_seismic_edge_v1_split_evento.npz
      hash: md5
      md5: 21ffc68062ed90e958e5d2e245f6379c
      size: 5938300
    - path: src/core/profile.py
      hash: md5
      md5: f5416d5762b52e2baf0c23da27099423
      size: 4475
    - path: src/core/schemas.py
      hash: md5
      md5: a874d48e6ab9873eebd4e74296d99cbd
      size: 4825
    - path: src/core/settings.py
      hash: md5
      md5: cf6b7a4768e8a54117faca5ca68ed208
      size: 2457
    - path: src/data/validate_dataset.py
      hash: md5
      md5: 9e03de696e1987816f8e4bd79cfbb53c
      size: 2566
    outs:
    - path: artefacts/reports/dataset_validation_report.json
      hash: md5
      md5: 924a32184eb2ce136827833ac5da5766
      size: 2702
  train_all:
    cmd: python -m src.training.train_all --models-cfg 
      config/model/models_smoke.yaml
    deps:
    - path: config/configs/config.yaml
      hash: md5
      md5: efbd338f2c6feec76f1d7b577000357c
      size: 986
    - path: config/configs/profiles/seismic_edge_v1.yaml
      hash: md5
      md5: 049347844ea4709638cd61a43861bc94
      size: 1344
    - path: config/model/models_smoke.yaml
      hash: md5
      md5: 0c3fca3b1fa79e7796dffc776f3661db
      size: 2966
    - path: data/processed/dataset_seismic_edge_v1_split_evento.npz
      hash: md5
      md5: 21ffc68062ed90e958e5d2e245f6379c
      size: 5938300
    - path: src/core/profile.py
      hash: md5
      md5: f5416d5762b52e2baf0c23da27099423
      size: 4475
    - path: src/core/schemas.py
      hash: md5
      md5: a874d48e6ab9873eebd4e74296d99cbd
      size: 4825
    - path: src/features/statistical_features.py
      hash: md5
      md5: 4a226a4f2513cee89ae6bc07f020d502
      size: 4232
    - path: src/training/evaluate.py
      hash: md5
      md5: 3c6c4429a8dcab8e5620fffb06856ad1
      size: 4172
    - path: src/training/hpo.py
      hash: md5
      md5: 785d6aea06bfb768dad9540a16686bbf
      size: 1086
    - path: src/training/model_registry.py
      hash: md5
      md5: f563faefc7579fbaf5ad227b4e2dcc30
      size: 1809
    - path: src/training/neural_models.py
      hash: md5
      md5: 04a0031c01d4b0692c89097e980aa67a
      size: 7051
    - path: src/training/train_all.py
      hash: md5
      md5: bda6f9e6bab9e635af1747311be82f27
      size: 27411
    outs:
    - path: artefacts/models
      hash: md5
      md5: ec5fde559caf2e0d067789149e710a75.dir
      size: 81677
      nfiles: 3
    - path: artefacts/reports/model_comparison.json
      hash: md5
      md5: cb7d096da9a04ce3ddeb7f02a0335d0a
      size: 13426
  export_tflite:
    cmd: python -m src.export.export_tflite
    deps:
    - path: artefacts/reports/candidate_manifest.json
      hash: md5
      md5: bc63b49cd2e4f525c149f9efa599c57c
      size: 5191
    - path: src/export/export_header.py
      hash: md5
      md5: 71e0ebfb61216e4a6f989cf73fd5dc48
      size: 1952
    - path: src/export/export_tflite.py
      hash: md5
      md5: 029987c0da37f8b4518bedf6ca2787d6
      size: 6574
    outs:
    - path: artefacts/edge
      hash: md5
      md5: af9d3138dfd5d7bc26a804ce11e520e1.dir
      size: 207617
      nfiles: 5
  promote_model:
    cmd: python -m src.mlops.promote_model
    deps:
    - path: artefacts/reports/candidate_manifest.json
      hash: md5
      md5: bc63b49cd2e4f525c149f9efa599c57c
      size: 5191
    - path: config/configs/config.yaml
      hash: md5
      md5: 7f783840c9b2b2e6aa4c75283b4ab545
      size: 1177
    - path: src/mlops/promote_model.py
      hash: md5
      md5: 64f3b9de60aaafec35a429bda7858413
      size: 6326
    outs:
    - path: artefacts/registry/production_manifest.json
      hash: md5
      md5: 3b9b2de59afd09a0eb015f5188538637
      size: 4009
    - path: artefacts/reports/promotion_report.json
      hash: md5
      md5: 0ed7ee4fac308e1a7d6d8118330f94b5
      size: 712
  build_ota_manifest:
    cmd: python -m src.ota.build_ota_manifest
    deps:
    - path: artefacts/edge
      hash: md5
      md5: af9d3138dfd5d7bc26a804ce11e520e1.dir
      size: 207617
      nfiles: 5
    - path: artefacts/registry/production_manifest.json
      hash: md5
      md5: 3b9b2de59afd09a0eb015f5188538637
      size: 4009
    - path: src/ota/build_ota_manifest.py
      hash: md5
      md5: 58908701d3e9c2c5b43eaea8a6b6ddb2
      size: 5765
    outs:
    - path: artefacts/ota/ota_manifest.json
      hash: md5
      md5: 5541e3d69e59c9bbf42bdeb8e6290f26
      size: 3523
  package_and_validate_ota:
    cmd: python -m src.ota.build_ota_package && python -m 
      src.ota.validate_ota_package
    deps:
    - path: artefacts/ota/ota_manifest.json
      hash: md5
      md5: 5541e3d69e59c9bbf42bdeb8e6290f26
      size: 3523
    - path: src/ota/build_ota_package.py
      hash: md5
      md5: 147f53751c40a4394b9384160f75796c
      size: 4406
    - path: src/ota/validate_ota_package.py
      hash: md5
      md5: f01b84f2b8db075ed92707c28a7c898e
      size: 7753
    outs:
    - path: artefacts/ota/packages
      hash: md5
      md5: 49e00c5c2827e12e84b65c01051e7acf.dir
      size: 66398
      nfiles: 4
  publish_ota:
    cmd: python -m src.ota.publish_local_release
    deps:
    - path: artefacts/ota/packages
      hash: md5
      md5: 49e00c5c2827e12e84b65c01051e7acf.dir
      size: 66398
      nfiles: 4
    - path: src/ota/publish_local_release.py
      hash: md5
      md5: 95a9f3db737910119c31b1792cbae679
      size: 5498
    outs:
    - path: artefacts/ota/releases
      hash: md5
      md5: 088d26eb87837ae0eec4bc94e06b0c80.dir
      size: 67421
      nfiles: 5
